// !$*UTF8*$!
{
	archiveVersion = 1;
	classes = {
	};
	objectVersion = 50;
	objects = {

/* Begin PBXBuildFile section */
		879703FE2087CCCB0062E06B /* ToDoViewController.swift in Sources */ = {isa = PBXBuildFile; fileRef = 879703FD2087CCCB0062E06B /* ToDoViewController.swift */; };
		87E24E9B208C9F270072C633 /* ToDoCell.swift in Sources */ = {isa = PBXBuildFile; fileRef = 87E24E9A208C9F270072C633 /* ToDoCell.swift */; };
		87FEB5412083690D001B3391 /* AppDelegate.swift in Sources */ = {isa = PBXBuildFile; fileRef = 87FEB5402083690D001B3391 /* AppDelegate.swift */; };
		87FEB5462083690D001B3391 /* Main.storyboard in Resources */ = {isa = PBXBuildFile; fileRef = 87FEB5442083690D001B3391 /* Main.storyboard */; };
		87FEB5482083690E001B3391 /* Assets.xcassets in Resources */ = {isa = PBXBuildFile; fileRef = 87FEB5472083690E001B3391 /* Assets.xcassets */; };
		87FEB54B2083690E001B3391 /* LaunchScreen.storyboard in Resources */ = {isa = PBXBuildFile; fileRef = 87FEB5492083690E001B3391 /* LaunchScreen.storyboard */; };
		87FEB55420836F7A001B3391 /* ToDo.swift in Sources */ = {isa = PBXBuildFile; fileRef = 87FEB55320836F7A001B3391 /* ToDo.swift */; };
		87FEB55720837047001B3391 /* ToDoTableViewController.swift in Sources */ = {isa = PBXBuildFile; fileRef = 87FEB55620837047001B3391 /* ToDoTableViewController.swift */; };
/* End PBXBuildFile section */

/* Begin PBXFileReference section */
		879703FD2087CCCB0062E06B /* ToDoViewController.swift */ = {isa = PBXFileReference; lastKnownFileType = sourcecode.swift; path = ToDoViewController.swift; sourceTree = "<group>"; };
		87E24E9A208C9F270072C633 /* ToDoCell.swift */ = {isa = PBXFileReference; lastKnownFileType = sourcecode.swift; path = ToDoCell.swift; sourceTree = "<group>"; };
		87FEB53D2083690D001B3391 /* ToDoList.app */ = {isa = PBXFileReference; explicitFileType = wrapper.application; includeInIndex = 0; path = ToDoList.app; sourceTree = BUILT_PRODUCTS_DIR; };
		87FEB5402083690D001B3391 /* AppDelegate.swift */ = {isa = PBXFileReference; lastKnownFileType = sourcecode.swift; path = AppDelegate.swift; sourceTree = "<group>"; };
		87FEB5452083690D001B3391 /* Base */ = {isa = PBXFileReference; lastKnownFileType = file.storyboard; name = Base; path = Base.lproj/Main.storyboard; sourceTree = "<group>"; };
		87FEB5472083690E001B3391 /* Assets.xcassets */ = {isa = PBXFileReference; lastKnownFileType = folder.assetcatalog; path = Assets.xcassets; sourceTree = "<group>"; };
		87FEB54A2083690E001B3391 /* Base */ = {isa = PBXFileReference; lastKnownFileType = file.storyboard; name = Base; path = Base.lproj/LaunchScreen.storyboard; sourceTree = "<group>"; };
		87FEB54C2083690E001B3391 /* Info.plist */ = {isa = PBXFileReference; lastKnownFileType = text.plist.xml; path = Info.plist; sourceTree = "<group>"; };
		87FEB55320836F7A001B3391 /* ToDo.swift */ = {isa = PBXFileReference; lastKnownFileType = sourcecode.swift; path = ToDo.swift; sourceTree = "<group>"; };
		87FEB55620837047001B3391 /* ToDoTableViewController.swift */ = {isa = PBXFileReference; lastKnownFileType = sourcecode.swift; path = ToDoTableViewController.swift; sourceTree = "<group>"; };
/* End PBXFileReference section */

/* Begin PBXFrameworksBuildPhase section */
		87FEB53A2083690D001B3391 /* Frameworks */ = {
			isa = PBXFrameworksBuildPhase;
			buildActionMask = 2147483647;
			files = (
			);
			runOnlyForDeploymentPostprocessing = 0;
		};
/* End PBXFrameworksBuildPhase section */

/* Begin PBXGroup section */
		87E24E99208C9F040072C633 /* Views */ = {
			isa = PBXGroup;
			children = (
				87E24E9A208C9F270072C633 /* ToDoCell.swift */,
			);
			path = Views;
			sourceTree = "<group>";
		};
		87FEB5342083690D001B3391 = {
			isa = PBXGroup;
			children = (
				87FEB53F2083690D001B3391 /* ToDoList */,
				87FEB53E2083690D001B3391 /* Products */,
			);
			sourceTree = "<group>";
		};
		87FEB53E2083690D001B3391 /* Products */ = {
			isa = PBXGroup;
			children = (
				87FEB53D2083690D001B3391 /* ToDoList.app */,
			);
			name = Products;
			sourceTree = "<group>";
		};
		87FEB53F2083690D001B3391 /* ToDoList */ = {
			isa = PBXGroup;
			children = (
				87FEB55220836F64001B3391 /* Models */,
				87FEB55520837027001B3391 /* Controllers */,
				87E24E99208C9F040072C633 /* Views */,
				87FEB5402083690D001B3391 /* AppDelegate.swift */,
				87FEB5442083690D001B3391 /* Main.storyboard */,
				87FEB5472083690E001B3391 /* Assets.xcassets */,
				87FEB5492083690E001B3391 /* LaunchScreen.storyboard */,
				87FEB54C2083690E001B3391 /* Info.plist */,
			);
			path = ToDoList;
			sourceTree = "<group>";
		};
		87FEB55220836F64001B3391 /* Models */ = {
			isa = PBXGroup;
			children = (
				87FEB55320836F7A001B3391 /* ToDo.swift */,
			);
			path = Models;
			sourceTree = "<group>";
		};
		87FEB55520837027001B3391 /* Controllers */ = {
			isa = PBXGroup;
			children = (
				87FEB55620837047001B3391 /* ToDoTableViewController.swift */,
				879703FD2087CCCB0062E06B /* ToDoViewController.swift */,
			);
			path = Controllers;
			sourceTree = "<group>";
		};
/* End PBXGroup section */

/* Begin PBXNativeTarget section */
		87FEB53C2083690D001B3391 /* ToDoList */ = {
			isa = PBXNativeTarget;
			buildConfigurationList = 87FEB54F2083690E001B3391 /* Build configuration list for PBXNativeTarget "ToDoList" */;
			buildPhases = (
				87FEB5392083690D001B3391 /* Sources */,
				87FEB53A2083690D001B3391 /* Frameworks */,
				87FEB53B2083690D001B3391 /* Resources */,
			);
			buildRules = (
			);
			dependencies = (
			);
			name = ToDoList;
			productName = ToDoList;
			productReference = 87FEB53D2083690D001B3391 /* ToDoList.app */;
			productType = "com.apple.product-type.application";
		};
/* End PBXNativeTarget section */

/* Begin PBXProject section */
		87FEB5352083690D001B3391 /* Project object */ = {
			isa = PBXProject;
			attributes = {
				LastSwiftUpdateCheck = 0930;
				LastUpgradeCheck = 0930;
				ORGANIZATIONNAME = "Ruslan Akberov";
				TargetAttributes = {
					87FEB53C2083690D001B3391 = {
						CreatedOnToolsVersion = 9.3;
					};
				};
			};
			buildConfigurationList = 87FEB5382083690D001B3391 /* Build configuration list for PBXProject "ToDoList" */;
			compatibilityVersion = "Xcode 9.3";
			developmentRegion = en;
			hasScannedForEncodings = 0;
			knownRegions = (
				en,
				Base,
			);
			mainGroup = 87FEB5342083690D001B3391;
			productRefGroup = 87FEB53E2083690D001B3391 /* Products */;
			projectDirPath = "";
			projectRoot = "";
			targets = (
				87FEB53C2083690D001B3391 /* ToDoList */,
			);
		};
/* End PBXProject section */

/* Begin PBXResourcesBuildPhase section */
		87FEB53B2083690D001B3391 /* Resources */ = {
			isa = PBXResourcesBuildPhase;
			buildActionMask = 2147483647;
			files = (
				87FEB54B2083690E001B3391 /* LaunchScreen.storyboard in Resources */,
				87FEB5482083690E001B3391 /* Assets.xcassets in Resources */,
				87FEB5462083690D001B3391 /* Main.storyboard in Resources */,
			);
			runOnlyForDeploymentPostprocessing = 0;
		};
/* End PBXResourcesBuildPhase section */

/* Begin PBXSourcesBuildPhase section */
		87FEB5392083690D001B3391 /* Sources */ = {
			isa = PBXSourcesBuildPhase;
			buildActionMask = 2147483647;
			files = (
				879703FE2087CCCB0062E06B /* ToDoViewController.swift in Sources */,
				87FEB55420836F7A001B3391 /* ToDo.swift in Sources */,
				87FEB55720837047001B3391 /* ToDoTableViewController.swift in Sources */,
				87FEB5412083690D001B3391 /* AppDelegate.swift in Sources */,
				87E24E9B208C9F270072C633 /* ToDoCell.swift in Sources */,
			);
			runOnlyForDeploymentPostprocessing = 0;
		};
/* End PBXSourcesBuildPhase section */

/* Begin PBXVariantGroup section */
		87FEB5442083690D001B3391 /* Main.storyboard */ = {
			isa = PBXVariantGroup;
			children = (
				87FEB5452083690D001B3391 /* Base */,
			);
			name = Main.storyboard;
			sourceTree = "<group>";
		};
		87FEB5492083690E001B3391 /* LaunchScreen.storyboard */ = {
			isa = PBXVariantGroup;
			children = (
				87FEB54A2083690E001B3391 /* Base */,
			);
			name = LaunchScreen.storyboard;
			sourceTree = "<group>";
		};
/* End PBXVariantGroup section */

/* Begin XCBuildConfiguration section */
		87FEB54D2083690E001B3391 /* Debug */ = {
			isa = XCBuildConfiguration;
			buildSettings = {
				ALWAYS_SEARCH_USER_PATHS = NO;
				CLANG_ANALYZER_NONNULL = YES;
				CLANG_ANALYZER_NUMBER_OBJECT_CONVERSION = YES_AGGRESSIVE;
				CLANG_CXX_LANGUAGE_STANDARD = "gnu++14";
				CLANG_CXX_LIBRARY = "libc++";
				CLANG_ENABLE_MODULES = YES;
				CLANG_ENABLE_OBJC_ARC = YES;
				CLANG_ENABLE_OBJC_WEAK = YES;
				CLANG_WARN_BLOCK_CAPTURE_AUTORELEASING = YES;
				CLANG_WARN_BOOL_CONVERSION = YES;
				CLANG_WARN_COMMA = YES;
				CLANG_WARN_CONSTANT_CONVERSION = YES;
				CLANG_WARN_DEPRECATED_OBJC_IMPLEMENTATIONS = YES;
				CLANG_WARN_DIRECT_OBJC_ISA_USAGE = YES_ERROR;
				CLANG_WARN_DOCUMENTATION_COMMENTS = YES;
				CLANG_WARN_EMPTY_BODY = YES;
				CLANG_WARN_ENUM_CONVERSION = YES;
				CLANG_WARN_INFINITE_RECURSION = YES;
				CLANG_WARN_INT_CONVERSION = YES;
				CLANG_WARN_NON_LITERAL_NULL_CONVERSION = YES;
				CLANG_WARN_OBJC_IMPLICIT_RETAIN_SELF = YES;
				CLANG_WARN_OBJC_LITERAL_CONVERSION = YES;
				CLANG_WARN_OBJC_ROOT_CLASS = YES_ERROR;
				CLANG_WARN_RANGE_LOOP_ANALYSIS = YES;
				CLANG_WARN_STRICT_PROTOTYPES = YES;
				CLANG_WARN_SUSPICIOUS_MOVE = YES;
				CLANG_WARN_UNGUARDED_AVAILABILITY = YES_AGGRESSIVE;
				CLANG_WARN_UNREACHABLE_CODE = YES;
				CLANG_WARN__DUPLICATE_METHOD_MATCH = YES;
				CODE_SIGN_IDENTITY = "iPhone Developer";
				COPY_PHASE_STRIP = NO;
				DEBUG_INFORMATION_FORMAT = dwarf;
				ENABLE_STRICT_OBJC_MSGSEND = YES;
				ENABLE_TESTABILITY = YES;
				GCC_C_LANGUAGE_STANDARD = gnu11;
				GCC_DYNAMIC_NO_PIC = NO;
				GCC_NO_COMMON_BLOCKS = YES;
				GCC_OPTIMIZATION_LEVEL = 0;
				GCC_PREPROCESSOR_DEFINITIONS = (
					"DEBUG=1",
					"$(inherited)",
				);
				GCC_WARN_64_TO_32_BIT_CONVERSION = YES;
				GCC_WARN_ABOUT_RETURN_TYPE = YES_ERROR;
				GCC_WARN_UNDECLARED_SELECTOR = YES;
				GCC_WARN_UNINITIALIZED_AUTOS = YES_AGGRESSIVE;
				GCC_WARN_UNUSED_FUNCTION = YES;
				GCC_WARN_UNUSED_VARIABLE = YES;
				IPHONEOS_DEPLOYMENT_TARGET = 11.3;
				MTL_ENABLE_DEBUG_INFO = YES;
				ONLY_ACTIVE_ARCH = YES;
				SDKROOT = iphoneos;
				SWIFT_ACTIVE_COMPILATION_CONDITIONS = DEBUG;
				SWIFT_OPTIMIZATION_LEVEL = "-Onone";
			};
			name = Debug;
		};
		87FEB54E2083690E001B3391 /* Release */ = {
			isa = XCBuildConfiguration;
			buildSettings = {
				ALWAYS_SEARCH_USER_PATHS = NO;
				CLANG_ANALYZER_NONNULL = YES;
				CLANG_ANALYZER_NUMBER_OBJECT_CONVERSION = YES_AGGRESSIVE;
				CLANG_CXX_LANGUAGE_STANDARD = "gnu++14";
				CLANG_CXX_LIBRARY = "libc++";
				CLANG_ENABLE_MODULES = YES;
				CLANG_ENABLE_OBJC_ARC = YES;
				CLANG_ENABLE_OBJC_WEAK = YES;
				CLANG_WARN_BLOCK_CAPTURE_AUTORELEASING = YES;
				CLANG_WARN_BOOL_CONVERSION = YES;
				CLANG_WARN_COMMA = YES;
				CLANG_WARN_CONSTANT_CONVERSION = YES;
				CLANG_WARN_DEPRECATED_OBJC_IMPLEMENTATIONS = YES;
				CLANG_WARN_DIRECT_OBJC_ISA_USAGE = YES_ERROR;
				CLANG_WARN_DOCUMENTATION_COMMENTS = YES;
				CLANG_WARN_EMPTY_BODY = YES;
				CLANG_WARN_ENUM_CONVERSION = YES;
				CLANG_WARN_INFINITE_RECURSION = YES;
				CLANG_WARN_INT_CONVERSION = YES;
				CLANG_WARN_NON_LITERAL_NULL_CONVERSION = YES;
				CLANG_WARN_OBJC_IMPLICIT_RETAIN_SELF = YES;
				CLANG_WARN_OBJC_LITERAL_CONVERSION = YES;
				CLANG_WARN_OBJC_ROOT_CLASS = YES_ERROR;
				CLANG_WARN_RANGE_LOOP_ANALYSIS = YES;
				CLANG_WARN_STRICT_PROTOTYPES = YES;
				CLANG_WARN_SUSPICIOUS_MOVE = YES;
				CLANG_WARN_UNGUARDED_AVAILABILITY = YES_AGGRESSIVE;
				CLANG_WARN_UNREACHABLE_CODE = YES;
				CLANG_WARN__DUPLICATE_METHOD_MATCH = YES;
				CODE_SIGN_IDENTITY = "iPhone Developer";
				COPY_PHASE_STRIP = NO;
				DEBUG_INFORMATION_FORMAT = "dwarf-with-dsym";
				ENABLE_NS_ASSERTIONS = NO;
				ENABLE_STRICT_OBJC_MSGSEND = YES;
				GCC_C_LANGUAGE_STANDARD = gnu11;
				GCC_NO_COMMON_BLOCKS = YES;
				GCC_WARN_64_TO_32_BIT_CONVERSION = YES;
				GCC_WARN_ABOUT_RETURN_TYPE = YES_ERROR;
				GCC_WARN_UNDECLARED_SELECTOR = YES;
				GCC_WARN_UNINITIALIZED_AUTOS = YES_AGGRESSIVE;
				GCC_WARN_UNUSED_FUNCTION = YES;
				GCC_WARN_UNUSED_VARIABLE = YES;
				IPHONEOS_DEPLOYMENT_TARGET = 11.3;
				MTL_ENABLE_DEBUG_INFO = NO;
				SDKROOT = iphoneos;
				SWIFT_COMPILATION_MODE = wholemodule;
				SWIFT_OPTIMIZATION_LEVEL = "-O";
				VALIDATE_PRODUCT = YES;
			};
			name = Release;
		};
		87FEB5502083690E001B3391 /* Debug */ = {
			isa = XCBuildConfiguration;
			buildSettings = {
				ASSETCATALOG_COMPILER_APPICON_NAME = AppIcon;
				CODE_SIGN_STYLE = Automatic;
				DEVELOPMENT_TEAM = JMYF9P9VY4;
				INFOPLIST_FILE = ToDoList/Info.plist;
				LD_RUNPATH_SEARCH_PATHS = (
					"$(inherited)",
					"@executable_path/Frameworks",
				);
				PRODUCT_BUNDLE_IDENTIFIER = com.akberovapps.ToDoList;
				PRODUCT_NAME = "$(TARGET_NAME)";
				SWIFT_VERSION = 4.0;
				TARGETED_DEVICE_FAMILY = "1,2";
			};
			name = Debug;
		};
		87FEB5512083690E001B3391 /* Release */ = {
			isa = XCBuildConfiguration;
			buildSettings = {
				ASSETCATALOG_COMPILER_APPICON_NAME = AppIcon;
				CODE_SIGN_STYLE = Automatic;
				DEVELOPMENT_TEAM = JMYF9P9VY4;
				INFOPLIST_FILE = ToDoList/Info.plist;
				LD_RUNPATH_SEARCH_PATHS = (
					"$(inherited)",
					"@executable_path/Frameworks",
				);
				PRODUCT_BUNDLE_IDENTIFIER = com.akberovapps.ToDoList;
				PRODUCT_NAME = "$(TARGET_NAME)";
				SWIFT_VERSION = 4.0;
				TARGETED_DEVICE_FAMILY = "1,2";
			};
			name = Release;
		};
/* End XCBuildConfiguration section */

/* Begin XCConfigurationList section */
		87FEB5382083690D001B3391 /* Build configuration list for PBXProject "ToDoList" */ = {
			isa = XCConfigurationList;
			buildConfigurations = (
				87FEB54D2083690E001B3391 /* Debug */,
				87FEB54E2083690E001B3391 /* Release */,
			);
			defaultConfigurationIsVisible = 0;
			defaultConfigurationName = Release;
		};
		87FEB54F2083690E001B3391 /* Build configuration list for PBXNativeTarget "ToDoList" */ = {
			isa = XCConfigurationList;
			buildConfigurations = (
				87FEB5502083690E001B3391 /* Debug */,
				87FEB5512083690E001B3391 /* Release */,
			);
			defaultConfigurationIsVisible = 0;
			defaultConfigurationName = Release;
		};
/* End XCConfigurationList section */
	};
	rootObject = 87FEB5352083690D001B3391 /* Project object */;
}
